{
  "name": "fintools",
  "version": "1.0.0",
  "description": "Financial management application",
  "scripts": {
    "build": "cd client && npm install && npm run build",
    "server-install": "cd server && npm install",
    "start": "cd server && node server.js"
  },
  "engines": {
    "node": "16.x"
  }
}
